
Microsoft Visual Studio Solution File, Format Version 12.00
# Visual Studio Version 16
VisualStudioVersion = 16.0.29613.14
MinimumVisualStudioVersion = 10.0.40219.1
Project("{FAE04EC0-301F-11D3-BF4B-00C04F79EFBC}") = "Tema04Livros", "Tema04Livros\Tema04Livros.csproj", "{C188C5E8-59E9-4CA1-BE29-552635BC7B1C}"
EndProject
Global
	GlobalSection(SolutionConfigurationPlatforms) = preSolution
		Debug|Any CPU = Debug|Any CPU
		Release|Any CPU = Release|Any CPU
	EndGlobalSection
	GlobalSection(ProjectConfigurationPlatforms) = postSolution
		{C188C5E8-59E9-4CA1-BE29-552635BC7B1C}.Debug|Any CPU.ActiveCfg = Debug|Any CPU
		{C188C5E8-59E9-4CA1-BE29-552635BC7B1C}.Debug|Any CPU.Build.0 = Debug|Any CPU
		{C188C5E8-59E9-4CA1-BE29-552635BC7B1C}.Release|Any CPU.ActiveCfg = Release|Any CPU
		{C188C5E8-59E9-4CA1-BE29-552635BC7B1C}.Release|Any CPU.Build.0 = Release|Any CPU
	EndGlobalSection
	GlobalSection(SolutionProperties) = preSolution
		HideSolutionNode = FALSE
	EndGlobalSection
	GlobalSection(ExtensibilityGlobals) = postSolution
		SolutionGuid = {A8BA474F-4215-4DDB-AADC-CCEA0A24CABA}
	EndGlobalSection
EndGlobal
